
Microsoft Visual Studio Solution File, Format Version 12.00
# Visual Studio Version 17
VisualStudioVersion = 17.0.31903.59
MinimumVisualStudioVersion = 10.0.40219.1
Project("{2150E333-8FDC-42A3-9474-1A3956D46DE8}") = "src", "src", "{5A1D866A-3687-48CD-BB80-C3C580457C3A}"
EndProject
Project("{FAE04EC0-301F-11D3-BF4B-00C04F79EFBC}") = "OrcaBattGuard.Core", "src\OrcaBattGuard.Core\OrcaBattGuard.Core.csproj", "{EE716B9D-16DB-4745-A292-D374553574CB}"
EndProject
Project("{2150E333-8FDC-42A3-9474-1A3956D46DE8}") = "tests", "tests", "{EE0EBBAD-B43E-423C-9D6B-874A3292334A}"
EndProject
Project("{FAE04EC0-301F-11D3-BF4B-00C04F79EFBC}") = "OrcaBattGuard.Core.Tests", "tests\OrcaBattGuard.Core.Tests\OrcaBattGuard.Core.Tests.csproj", "{246B7A0B-231E-4675-9B4F-2C311E432520}"
EndProject
Project("{FAE04EC0-301F-11D3-BF4B-00C04F79EFBC}") = "OrcaBattGuard.Windows", "src\OrcaBattGuard.Windows\OrcaBattGuard.Windows.csproj", "{83F73E3A-073A-429B-A2B3-AE75D8F94368}"
EndProject
Global
	GlobalSection(SolutionConfigurationPlatforms) = preSolution
		Debug|Any CPU = Debug|Any CPU
		Release|Any CPU = Release|Any CPU
	EndGlobalSection
	GlobalSection(SolutionProperties) = preSolution
		HideSolutionNode = FALSE
	EndGlobalSection
	GlobalSection(ProjectConfigurationPlatforms) = postSolution
		{EE716B9D-16DB-4745-A292-D374553574CB}.Debug|Any CPU.ActiveCfg = Debug|Any CPU
		{EE716B9D-16DB-4745-A292-D374553574CB}.Debug|Any CPU.Build.0 = Debug|Any CPU
		{EE716B9D-16DB-4745-A292-D374553574CB}.Release|Any CPU.ActiveCfg = Release|Any CPU
		{EE716B9D-16DB-4745-A292-D374553574CB}.Release|Any CPU.Build.0 = Release|Any CPU
		{246B7A0B-231E-4675-9B4F-2C311E432520}.Debug|Any CPU.ActiveCfg = Debug|Any CPU
		{246B7A0B-231E-4675-9B4F-2C311E432520}.Debug|Any CPU.Build.0 = Debug|Any CPU
		{246B7A0B-231E-4675-9B4F-2C311E432520}.Release|Any CPU.ActiveCfg = Release|Any CPU
		{246B7A0B-231E-4675-9B4F-2C311E432520}.Release|Any CPU.Build.0 = Release|Any CPU
		{83F73E3A-073A-429B-A2B3-AE75D8F94368}.Debug|Any CPU.ActiveCfg = Debug|Any CPU
		{83F73E3A-073A-429B-A2B3-AE75D8F94368}.Debug|Any CPU.Build.0 = Debug|Any CPU
		{83F73E3A-073A-429B-A2B3-AE75D8F94368}.Release|Any CPU.ActiveCfg = Release|Any CPU
		{83F73E3A-073A-429B-A2B3-AE75D8F94368}.Release|Any CPU.Build.0 = Release|Any CPU
	EndGlobalSection
	GlobalSection(NestedProjects) = preSolution
		{EE716B9D-16DB-4745-A292-D374553574CB} = {5A1D866A-3687-48CD-BB80-C3C580457C3A}
		{246B7A0B-231E-4675-9B4F-2C311E432520} = {EE0EBBAD-B43E-423C-9D6B-874A3292334A}
		{83F73E3A-073A-429B-A2B3-AE75D8F94368} = {5A1D866A-3687-48CD-BB80-C3C580457C3A}
	EndGlobalSection
EndGlobal
